
Microsoft Visual Studio Solution File, Format Version 12.00
# Visual Studio Version 17
VisualStudioVersion = 17.3.32901.215
MinimumVisualStudioVersion = 10.0.40219.1
Project("{8BC9CEB8-8B4A-11D0-8D11-00A0C91BC942}") = "neo-cplusplus", "neo-cplusplus.vcxproj", "{581F8BEC-6786-45AD-B6FD-29FBC68990F4}"
EndProject
Global
	GlobalSection(SolutionConfigurationPlatforms) = preSolution
		Debug|x64 = Debug|x64
		Debug|x86 = Debug|x86
		Release|x64 = Release|x64
		Release|x86 = Release|x86
	EndGlobalSection
	GlobalSection(ProjectConfigurationPlatforms) = postSolution
		{581F8BEC-6786-45AD-B6FD-29FBC68990F4}.Debug|x64.ActiveCfg = Debug|x64
		{581F8BEC-6786-45AD-B6FD-29FBC68990F4}.Debug|x64.Build.0 = Debug|x64
		{581F8BEC-6786-45AD-B6FD-29FBC68990F4}.Debug|x86.ActiveCfg = Debug|Win32
		{581F8BEC-6786-45AD-B6FD-29FBC68990F4}.Debug|x86.Build.0 = Debug|Win32
		{581F8BEC-6786-45AD-B6FD-29FBC68990F4}.Release|x64.ActiveCfg = Release|x64
		{581F8BEC-6786-45AD-B6FD-29FBC68990F4}.Release|x64.Build.0 = Release|x64
		{581F8BEC-6786-45AD-B6FD-29FBC68990F4}.Release|x86.ActiveCfg = Release|Win32
		{581F8BEC-6786-45AD-B6FD-29FBC68990F4}.Release|x86.Build.0 = Release|Win32
	EndGlobalSection
	GlobalSection(SolutionProperties) = preSolution
		HideSolutionNode = FALSE
	EndGlobalSection
	GlobalSection(ExtensibilityGlobals) = postSolution
		SolutionGuid = {EF213459-244C-4C87-9527-32B6BBF2671A}
	EndGlobalSection
EndGlobal
